// !$*UTF8*$!
{
	archiveVersion = 1;
	classes = {
	};
	objectVersion = 48;
	objects = {

/* Begin PBXBuildFile section */
		1D5237F81FE9954A00B284A9 /* LaunchScreen.storyboard in Resources */ = {isa = PBXBuildFile; fileRef = 1D5237F71FE9954A00B284A9 /* LaunchScreen.storyboard */; };
		1D5237FA1FE995C900B284A9 /* Main.storyboard in Resources */ = {isa = PBXBuildFile; fileRef = 1D5237F91FE995C900B284A9 /* Main.storyboard */; };
		1D5237FC1FE9994E00B284A9 /* StandardViewController.swift in Sources */ = {isa = PBXBuildFile; fileRef = 1D5237FB1FE9994E00B284A9 /* StandardViewController.swift */; };
		1D5237FE1FE999B500B284A9 /* InExViewController.swift in Sources */ = {isa = PBXBuildFile; fileRef = 1D5237FD1FE999B500B284A9 /* InExViewController.swift */; };
		1D5238001FE99A7300B284A9 /* ResultsViewController.swift in Sources */ = {isa = PBXBuildFile; fileRef = 1D5237FF1FE99A7300B284A9 /* ResultsViewController.swift */; };
		1D5238021FE99A8900B284A9 /* ParametesViewController.swift in Sources */ = {isa = PBXBuildFile; fileRef = 1D5238011FE99A8900B284A9 /* ParametesViewController.swift */; };
		1DA0827D1FD1AE63004333FD /* Thread.swift in Sources */ = {isa = PBXBuildFile; fileRef = 1DA0827C1FD1AE63004333FD /* Thread.swift */; };
		1DC7F9571FCCB78400E4237C /* AppDelegate.swift in Sources */ = {isa = PBXBuildFile; fileRef = 1DC7F9561FCCB78400E4237C /* AppDelegate.swift */; };
		1DC7F95E1FCCB78400E4237C /* Assets.xcassets in Resources */ = {isa = PBXBuildFile; fileRef = 1DC7F95D1FCCB78400E4237C /* Assets.xcassets */; };
		1DF9C49B1FDC454B00201F09 /* Thread_types.swift in Sources */ = {isa = PBXBuildFile; fileRef = 1DF9C49A1FDC454B00201F09 /* Thread_types.swift */; };
/* End PBXBuildFile section */

/* Begin PBXFileReference section */
		1D5237F71FE9954A00B284A9 /* LaunchScreen.storyboard */ = {isa = PBXFileReference; fileEncoding = 4; lastKnownFileType = file.storyboard; path = LaunchScreen.storyboard; sourceTree = "<group>"; };
		1D5237F91FE995C900B284A9 /* Main.storyboard */ = {isa = PBXFileReference; fileEncoding = 4; lastKnownFileType = file.storyboard; path = Main.storyboard; sourceTree = "<group>"; };
		1D5237FB1FE9994E00B284A9 /* StandardViewController.swift */ = {isa = PBXFileReference; fileEncoding = 4; lastKnownFileType = sourcecode.swift; path = StandardViewController.swift; sourceTree = "<group>"; };
		1D5237FD1FE999B500B284A9 /* InExViewController.swift */ = {isa = PBXFileReference; fileEncoding = 4; lastKnownFileType = sourcecode.swift; path = InExViewController.swift; sourceTree = "<group>"; };
		1D5237FF1FE99A7300B284A9 /* ResultsViewController.swift */ = {isa = PBXFileReference; fileEncoding = 4; lastKnownFileType = sourcecode.swift; path = ResultsViewController.swift; sourceTree = "<group>"; };
		1D5238011FE99A8900B284A9 /* ParametesViewController.swift */ = {isa = PBXFileReference; fileEncoding = 4; lastKnownFileType = sourcecode.swift; path = ParametesViewController.swift; sourceTree = "<group>"; };
		1DA0827C1FD1AE63004333FD /* Thread.swift */ = {isa = PBXFileReference; lastKnownFileType = sourcecode.swift; path = Thread.swift; sourceTree = "<group>"; };
		1DC7F9531FCCB78400E4237C /* ThreadChart.app */ = {isa = PBXFileReference; explicitFileType = wrapper.application; includeInIndex = 0; path = ThreadChart.app; sourceTree = BUILT_PRODUCTS_DIR; };
		1DC7F9561FCCB78400E4237C /* AppDelegate.swift */ = {isa = PBXFileReference; lastKnownFileType = sourcecode.swift; path = AppDelegate.swift; sourceTree = "<group>"; };
		1DC7F95D1FCCB78400E4237C /* Assets.xcassets */ = {isa = PBXFileReference; lastKnownFileType = folder.assetcatalog; path = Assets.xcassets; sourceTree = "<group>"; };
		1DC7F9621FCCB78400E4237C /* Info.plist */ = {isa = PBXFileReference; lastKnownFileType = text.plist.xml; path = Info.plist; sourceTree = "<group>"; };
		1DF9C49A1FDC454B00201F09 /* Thread_types.swift */ = {isa = PBXFileReference; lastKnownFileType = sourcecode.swift; path = Thread_types.swift; sourceTree = "<group>"; };
/* End PBXFileReference section */

/* Begin PBXFrameworksBuildPhase section */
		1DC7F9501FCCB78400E4237C /* Frameworks */ = {
			isa = PBXFrameworksBuildPhase;
			buildActionMask = 2147483647;
			files = (
			);
			runOnlyForDeploymentPostprocessing = 0;
		};
/* End PBXFrameworksBuildPhase section */

/* Begin PBXGroup section */
		1D5238031FE99FE500B284A9 /* ViewControllers */ = {
			isa = PBXGroup;
			children = (
				1D5237FB1FE9994E00B284A9 /* StandardViewController.swift */,
				1D5237FD1FE999B500B284A9 /* InExViewController.swift */,
				1D5237FF1FE99A7300B284A9 /* ResultsViewController.swift */,
				1D5238011FE99A8900B284A9 /* ParametesViewController.swift */,
			);
			name = ViewControllers;
			sourceTree = "<group>";
		};
		1D5238041FE99FF300B284A9 /* ThreadCalulation */ = {
			isa = PBXGroup;
			children = (
				1DA0827C1FD1AE63004333FD /* Thread.swift */,
				1DF9C49A1FDC454B00201F09 /* Thread_types.swift */,
			);
			name = ThreadCalulation;
			sourceTree = "<group>";
		};
		1D5238061FE9A02400B284A9 /* Support */ = {
			isa = PBXGroup;
			children = (
				1DC7F95D1FCCB78400E4237C /* Assets.xcassets */,
				1DC7F9621FCCB78400E4237C /* Info.plist */,
				1D5237F71FE9954A00B284A9 /* LaunchScreen.storyboard */,
			);
			name = Support;
			sourceTree = "<group>";
		};
		1DC7F94A1FCCB78400E4237C = {
			isa = PBXGroup;
			children = (
				1DC7F9551FCCB78400E4237C /* ThreadChart */,
				1DC7F9541FCCB78400E4237C /* Products */,
			);
			sourceTree = "<group>";
		};
		1DC7F9541FCCB78400E4237C /* Products */ = {
			isa = PBXGroup;
			children = (
				1DC7F9531FCCB78400E4237C /* ThreadChart.app */,
			);
			name = Products;
			sourceTree = "<group>";
		};
		1DC7F9551FCCB78400E4237C /* ThreadChart */ = {
			isa = PBXGroup;
			children = (
				1DC7F9561FCCB78400E4237C /* AppDelegate.swift */,
				1D5238041FE99FF300B284A9 /* ThreadCalulation */,
				1D5238031FE99FE500B284A9 /* ViewControllers */,
				1D5237F91FE995C900B284A9 /* Main.storyboard */,
				1D5238061FE9A02400B284A9 /* Support */,
			);
			path = ThreadChart;
			sourceTree = "<group>";
		};
/* End PBXGroup section */

/* Begin PBXNativeTarget section */
		1DC7F9521FCCB78400E4237C /* ThreadChart */ = {
			isa = PBXNativeTarget;
			buildConfigurationList = 1DC7F9651FCCB78400E4237C /* Build configuration list for PBXNativeTarget "ThreadChart" */;
			buildPhases = (
				1DC7F94F1FCCB78400E4237C /* Sources */,
				1DC7F9501FCCB78400E4237C /* Frameworks */,
				1DC7F9511FCCB78400E4237C /* Resources */,
			);
			buildRules = (
			);
			dependencies = (
			);
			name = ThreadChart;
			productName = ThreadChart;
			productReference = 1DC7F9531FCCB78400E4237C /* ThreadChart.app */;
			productType = "com.apple.product-type.application";
		};
/* End PBXNativeTarget section */

/* Begin PBXProject section */
		1DC7F94B1FCCB78400E4237C /* Project object */ = {
			isa = PBXProject;
			attributes = {
				LastSwiftUpdateCheck = 0910;
				LastUpgradeCheck = 0910;
				ORGANIZATIONNAME = "Igor Pivnyk";
				TargetAttributes = {
					1DC7F9521FCCB78400E4237C = {
						CreatedOnToolsVersion = 9.1;
						ProvisioningStyle = Automatic;
					};
				};
			};
			buildConfigurationList = 1DC7F94E1FCCB78400E4237C /* Build configuration list for PBXProject "ThreadChart" */;
			compatibilityVersion = "Xcode 8.0";
			developmentRegion = en;
			hasScannedForEncodings = 0;
			knownRegions = (
				en,
				Base,
			);
			mainGroup = 1DC7F94A1FCCB78400E4237C;
			productRefGroup = 1DC7F9541FCCB78400E4237C /* Products */;
			projectDirPath = "";
			projectRoot = "";
			targets = (
				1DC7F9521FCCB78400E4237C /* ThreadChart */,
			);
		};
/* End PBXProject section */

/* Begin PBXResourcesBuildPhase section */
		1DC7F9511FCCB78400E4237C /* Resources */ = {
			isa = PBXResourcesBuildPhase;
			buildActionMask = 2147483647;
			files = (
				1DC7F95E1FCCB78400E4237C /* Assets.xcassets in Resources */,
				1D5237F81FE9954A00B284A9 /* LaunchScreen.storyboard in Resources */,
				1D5237FA1FE995C900B284A9 /* Main.storyboard in Resources */,
			);
			runOnlyForDeploymentPostprocessing = 0;
		};
/* End PBXResourcesBuildPhase section */

/* Begin PBXSourcesBuildPhase section */
		1DC7F94F1FCCB78400E4237C /* Sources */ = {
			isa = PBXSourcesBuildPhase;
			buildActionMask = 2147483647;
			files = (
				1DA0827D1FD1AE63004333FD /* Thread.swift in Sources */,
				1D5237FC1FE9994E00B284A9 /* StandardViewController.swift in Sources */,
				1DF9C49B1FDC454B00201F09 /* Thread_types.swift in Sources */,
				1D5238001FE99A7300B284A9 /* ResultsViewController.swift in Sources */,
				1DC7F9571FCCB78400E4237C /* AppDelegate.swift in Sources */,
				1D5238021FE99A8900B284A9 /* ParametesViewController.swift in Sources */,
				1D5237FE1FE999B500B284A9 /* InExViewController.swift in Sources */,
			);
			runOnlyForDeploymentPostprocessing = 0;
		};
/* End PBXSourcesBuildPhase section */

/* Begin XCBuildConfiguration section */
		1DC7F9631FCCB78400E4237C /* Debug */ = {
			isa = XCBuildConfiguration;
			buildSettings = {
				ALWAYS_SEARCH_USER_PATHS = NO;
				CLANG_ANALYZER_NONNULL = YES;
				CLANG_ANALYZER_NUMBER_OBJECT_CONVERSION = YES_AGGRESSIVE;
				CLANG_CXX_LANGUAGE_STANDARD = "gnu++14";
				CLANG_CXX_LIBRARY = "libc++";
				CLANG_ENABLE_MODULES = YES;
				CLANG_ENABLE_OBJC_ARC = YES;
				CLANG_WARN_BLOCK_CAPTURE_AUTORELEASING = YES;
				CLANG_WARN_BOOL_CONVERSION = YES;
				CLANG_WARN_COMMA = YES;
				CLANG_WARN_CONSTANT_CONVERSION = YES;
				CLANG_WARN_DIRECT_OBJC_ISA_USAGE = YES_ERROR;
				CLANG_WARN_DOCUMENTATION_COMMENTS = YES;
				CLANG_WARN_EMPTY_BODY = YES;
				CLANG_WARN_ENUM_CONVERSION = YES;
				CLANG_WARN_INFINITE_RECURSION = YES;
				CLANG_WARN_INT_CONVERSION = YES;
				CLANG_WARN_NON_LITERAL_NULL_CONVERSION = YES;
				CLANG_WARN_OBJC_LITERAL_CONVERSION = YES;
				CLANG_WARN_OBJC_ROOT_CLASS = YES_ERROR;
				CLANG_WARN_RANGE_LOOP_ANALYSIS = YES;
				CLANG_WARN_STRICT_PROTOTYPES = YES;
				CLANG_WARN_SUSPICIOUS_MOVE = YES;
				CLANG_WARN_UNGUARDED_AVAILABILITY = YES_AGGRESSIVE;
				CLANG_WARN_UNREACHABLE_CODE = YES;
				CLANG_WARN__DUPLICATE_METHOD_MATCH = YES;
				CODE_SIGN_IDENTITY = "iPhone Developer";
				COPY_PHASE_STRIP = NO;
				DEBUG_INFORMATION_FORMAT = dwarf;
				ENABLE_STRICT_OBJC_MSGSEND = YES;
				ENABLE_TESTABILITY = YES;
				GCC_C_LANGUAGE_STANDARD = gnu11;
				GCC_DYNAMIC_NO_PIC = NO;
				GCC_NO_COMMON_BLOCKS = YES;
				GCC_OPTIMIZATION_LEVEL = 0;
				GCC_PREPROCESSOR_DEFINITIONS = (
					"DEBUG=1",
					"$(inherited)",
				);
				GCC_WARN_64_TO_32_BIT_CONVERSION = YES;
				GCC_WARN_ABOUT_RETURN_TYPE = YES_ERROR;
				GCC_WARN_UNDECLARED_SELECTOR = YES;
				GCC_WARN_UNINITIALIZED_AUTOS = YES_AGGRESSIVE;
				GCC_WARN_UNUSED_FUNCTION = YES;
				GCC_WARN_UNUSED_VARIABLE = YES;
				IPHONEOS_DEPLOYMENT_TARGET = 8.0;
				MTL_ENABLE_DEBUG_INFO = YES;
				ONLY_ACTIVE_ARCH = YES;
				SDKROOT = iphoneos;
				SWIFT_ACTIVE_COMPILATION_CONDITIONS = DEBUG;
				SWIFT_OPTIMIZATION_LEVEL = "-Onone";
			};
			name = Debug;
		};
		1DC7F9641FCCB78400E4237C /* Release */ = {
			isa = XCBuildConfiguration;
			buildSettings = {
				ALWAYS_SEARCH_USER_PATHS = NO;
				CLANG_ANALYZER_NONNULL = YES;
				CLANG_ANALYZER_NUMBER_OBJECT_CONVERSION = YES_AGGRESSIVE;
				CLANG_CXX_LANGUAGE_STANDARD = "gnu++14";
				CLANG_CXX_LIBRARY = "libc++";
				CLANG_ENABLE_MODULES = YES;
				CLANG_ENABLE_OBJC_ARC = YES;
				CLANG_WARN_BLOCK_CAPTURE_AUTORELEASING = YES;
				CLANG_WARN_BOOL_CONVERSION = YES;
				CLANG_WARN_COMMA = YES;
				CLANG_WARN_CONSTANT_CONVERSION = YES;
				CLANG_WARN_DIRECT_OBJC_ISA_USAGE = YES_ERROR;
				CLANG_WARN_DOCUMENTATION_COMMENTS = YES;
				CLANG_WARN_EMPTY_BODY = YES;
				CLANG_WARN_ENUM_CONVERSION = YES;
				CLANG_WARN_INFINITE_RECURSION = YES;
				CLANG_WARN_INT_CONVERSION = YES;
				CLANG_WARN_NON_LITERAL_NULL_CONVERSION = YES;
				CLANG_WARN_OBJC_LITERAL_CONVERSION = YES;
				CLANG_WARN_OBJC_ROOT_CLASS = YES_ERROR;
				CLANG_WARN_RANGE_LOOP_ANALYSIS = YES;
				CLANG_WARN_STRICT_PROTOTYPES = YES;
				CLANG_WARN_SUSPICIOUS_MOVE = YES;
				CLANG_WARN_UNGUARDED_AVAILABILITY = YES_AGGRESSIVE;
				CLANG_WARN_UNREACHABLE_CODE = YES;
				CLANG_WARN__DUPLICATE_METHOD_MATCH = YES;
				CODE_SIGN_IDENTITY = "iPhone Developer";
				COPY_PHASE_STRIP = NO;
				DEBUG_INFORMATION_FORMAT = "dwarf-with-dsym";
				ENABLE_NS_ASSERTIONS = NO;
				ENABLE_STRICT_OBJC_MSGSEND = YES;
				GCC_C_LANGUAGE_STANDARD = gnu11;
				GCC_NO_COMMON_BLOCKS = YES;
				GCC_WARN_64_TO_32_BIT_CONVERSION = YES;
				GCC_WARN_ABOUT_RETURN_TYPE = YES_ERROR;
				GCC_WARN_UNDECLARED_SELECTOR = YES;
				GCC_WARN_UNINITIALIZED_AUTOS = YES_AGGRESSIVE;
				GCC_WARN_UNUSED_FUNCTION = YES;
				GCC_WARN_UNUSED_VARIABLE = YES;
				IPHONEOS_DEPLOYMENT_TARGET = 8.0;
				MTL_ENABLE_DEBUG_INFO = NO;
				SDKROOT = iphoneos;
				SWIFT_OPTIMIZATION_LEVEL = "-Owholemodule";
				VALIDATE_PRODUCT = YES;
			};
			name = Release;
		};
		1DC7F9661FCCB78400E4237C /* Debug */ = {
			isa = XCBuildConfiguration;
			buildSettings = {
				ASSETCATALOG_COMPILER_APPICON_NAME = AppIcon;
				CODE_SIGN_STYLE = Automatic;
				DEVELOPMENT_TEAM = FCLYBXX3KC;
				INFOPLIST_FILE = ThreadChart/Info.plist;
				IPHONEOS_DEPLOYMENT_TARGET = 8.0;
				LD_RUNPATH_SEARCH_PATHS = "$(inherited) @executable_path/Frameworks";
				PRODUCT_BUNDLE_IDENTIFIER = ZOG.ThreadChart;
				PRODUCT_NAME = "$(TARGET_NAME)";
				SWIFT_VERSION = 3.0;
				TARGETED_DEVICE_FAMILY = 1;
			};
			name = Debug;
		};
		1DC7F9671FCCB78400E4237C /* Release */ = {
			isa = XCBuildConfiguration;
			buildSettings = {
				ASSETCATALOG_COMPILER_APPICON_NAME = AppIcon;
				CODE_SIGN_STYLE = Automatic;
				DEVELOPMENT_TEAM = FCLYBXX3KC;
				INFOPLIST_FILE = ThreadChart/Info.plist;
				IPHONEOS_DEPLOYMENT_TARGET = 8.0;
				LD_RUNPATH_SEARCH_PATHS = "$(inherited) @executable_path/Frameworks";
				PRODUCT_BUNDLE_IDENTIFIER = ZOG.ThreadChart;
				PRODUCT_NAME = "$(TARGET_NAME)";
				SWIFT_VERSION = 3.0;
				TARGETED_DEVICE_FAMILY = 1;
			};
			name = Release;
		};
/* End XCBuildConfiguration section */

/* Begin XCConfigurationList section */
		1DC7F94E1FCCB78400E4237C /* Build configuration list for PBXProject "ThreadChart" */ = {
			isa = XCConfigurationList;
			buildConfigurations = (
				1DC7F9631FCCB78400E4237C /* Debug */,
				1DC7F9641FCCB78400E4237C /* Release */,
			);
			defaultConfigurationIsVisible = 0;
			defaultConfigurationName = Release;
		};
		1DC7F9651FCCB78400E4237C /* Build configuration list for PBXNativeTarget "ThreadChart" */ = {
			isa = XCConfigurationList;
			buildConfigurations = (
				1DC7F9661FCCB78400E4237C /* Debug */,
				1DC7F9671FCCB78400E4237C /* Release */,
			);
			defaultConfigurationIsVisible = 0;
			defaultConfigurationName = Release;
		};
/* End XCConfigurationList section */
	};
	rootObject = 1DC7F94B1FCCB78400E4237C /* Project object */;
}
